
Microsoft Visual Studio Solution File, Format Version 12.00
# Visual Studio 15
VisualStudioVersion = 15.0.28010.2050
MinimumVisualStudioVersion = 10.0.40219.1
Project("{FAE04EC0-301F-11D3-BF4B-00C04F79EFBC}") = "Desempenho", "Ordenacao\Desempenho.csproj", "{D1D00124-E966-4DDA-BD13-3BFDE0CD03CF}"
EndProject
Global
	GlobalSection(SolutionConfigurationPlatforms) = preSolution
		Debug|Any CPU = Debug|Any CPU
		Release|Any CPU = Release|Any CPU
	EndGlobalSection
	GlobalSection(ProjectConfigurationPlatforms) = postSolution
		{D1D00124-E966-4DDA-BD13-3BFDE0CD03CF}.Debug|Any CPU.ActiveCfg = Debug|Any CPU
		{D1D00124-E966-4DDA-BD13-3BFDE0CD03CF}.Debug|Any CPU.Build.0 = Debug|Any CPU
		{D1D00124-E966-4DDA-BD13-3BFDE0CD03CF}.Release|Any CPU.ActiveCfg = Release|Any CPU
		{D1D00124-E966-4DDA-BD13-3BFDE0CD03CF}.Release|Any CPU.Build.0 = Release|Any CPU
	EndGlobalSection
	GlobalSection(SolutionProperties) = preSolution
		HideSolutionNode = FALSE
	EndGlobalSection
	GlobalSection(ExtensibilityGlobals) = postSolution
		SolutionGuid = {B25832FC-99C7-48B1-8216-8131C69A3A8A}
	EndGlobalSection
EndGlobal
